
Microsoft Visual Studio Solution File, Format Version 12.00
# Visual Studio Version 17
VisualStudioVersion = 17.10.35122.118
MinimumVisualStudioVersion = 10.0.40219.1
Project("{2150E333-8FDC-42A3-9474-1A3956D46DE8}") = "src", "src", "{90A46C2A-2253-44D9-A8AE-94428744C324}"
EndProject
Project("{FAE04EC0-301F-11D3-BF4B-00C04F79EFBC}") = "Rougamo.Extensions.DependencyInjection.GenericHost", "src\Rougamo.Extensions.DependencyInjection.GenericHost\Rougamo.Extensions.DependencyInjection.GenericHost.csproj", "{BA484F53-886B-4FA9-B74B-8AE25B5C6449}"
EndProject
Project("{2150E333-8FDC-42A3-9474-1A3956D46DE8}") = "_SolutionItems", "_SolutionItems", "{E1FFFA22-F1C2-47C2-83B0-80244D6AFB08}"
	ProjectSection(SolutionItems) = preProject
		CHANGELOG.md = CHANGELOG.md
		common.props = common.props
		README.md = README.md
		README_en.md = README_en.md
	EndProjectSection
EndProject
Project("{FAE04EC0-301F-11D3-BF4B-00C04F79EFBC}") = "Rougamo.Extensions.DependencyInjection.AspNetCore", "src\Rougamo.Extensions.DependencyInjection.AspNetCore\Rougamo.Extensions.DependencyInjection.AspNetCore.csproj", "{3FE01878-0B9D-41D2-89AE-68A3599368D7}"
EndProject
Global
	GlobalSection(SolutionConfigurationPlatforms) = preSolution
		Debug|Any CPU = Debug|Any CPU
		Release|Any CPU = Release|Any CPU
	EndGlobalSection
	GlobalSection(ProjectConfigurationPlatforms) = postSolution
		{BA484F53-886B-4FA9-B74B-8AE25B5C6449}.Debug|Any CPU.ActiveCfg = Debug|Any CPU
		{BA484F53-886B-4FA9-B74B-8AE25B5C6449}.Debug|Any CPU.Build.0 = Debug|Any CPU
		{BA484F53-886B-4FA9-B74B-8AE25B5C6449}.Release|Any CPU.ActiveCfg = Release|Any CPU
		{BA484F53-886B-4FA9-B74B-8AE25B5C6449}.Release|Any CPU.Build.0 = Release|Any CPU
		{3FE01878-0B9D-41D2-89AE-68A3599368D7}.Debug|Any CPU.ActiveCfg = Debug|Any CPU
		{3FE01878-0B9D-41D2-89AE-68A3599368D7}.Debug|Any CPU.Build.0 = Debug|Any CPU
		{3FE01878-0B9D-41D2-89AE-68A3599368D7}.Release|Any CPU.ActiveCfg = Release|Any CPU
		{3FE01878-0B9D-41D2-89AE-68A3599368D7}.Release|Any CPU.Build.0 = Release|Any CPU
	EndGlobalSection
	GlobalSection(SolutionProperties) = preSolution
		HideSolutionNode = FALSE
	EndGlobalSection
	GlobalSection(NestedProjects) = preSolution
		{BA484F53-886B-4FA9-B74B-8AE25B5C6449} = {90A46C2A-2253-44D9-A8AE-94428744C324}
		{3FE01878-0B9D-41D2-89AE-68A3599368D7} = {90A46C2A-2253-44D9-A8AE-94428744C324}
	EndGlobalSection
	GlobalSection(ExtensibilityGlobals) = postSolution
		SolutionGuid = {E83BB482-D1DC-47D6-960A-328497C04AEC}
	EndGlobalSection
EndGlobal
